
Microsoft Visual Studio Solution File, Format Version 12.00
# Visual Studio Version 17
VisualStudioVersion = 17.0.32126.317
MinimumVisualStudioVersion = 10.0.40219.1
Project("{FAE04EC0-301F-11D3-BF4B-00C04F79EFBC}") = "ReflectionExample", "ReflectionExample.csproj", "{EFFAC5D4-CE05-4E18-B590-C54CCC060C7B}"
EndProject
Project("{FAE04EC0-301F-11D3-BF4B-00C04F79EFBC}") = "ExternalAssembly", "..\TestLibrary\ExternalAssembly.csproj", "{18C932C7-40F1-4E95-BC5D-C662DE6EB454}"
EndProject
Project("{FAE04EC0-301F-11D3-BF4B-00C04F79EFBC}") = "ReflectedInstantiation", "..\ReflectedInstantiation\ReflectedInstantiation.csproj", "{F95351DC-39E2-452A-917C-A8320EDFD611}"
EndProject
Global
	GlobalSection(SolutionConfigurationPlatforms) = preSolution
		Debug|Any CPU = Debug|Any CPU
		Release|Any CPU = Release|Any CPU
	EndGlobalSection
	GlobalSection(ProjectConfigurationPlatforms) = postSolution
		{EFFAC5D4-CE05-4E18-B590-C54CCC060C7B}.Debug|Any CPU.ActiveCfg = Debug|Any CPU
		{EFFAC5D4-CE05-4E18-B590-C54CCC060C7B}.Debug|Any CPU.Build.0 = Debug|Any CPU
		{EFFAC5D4-CE05-4E18-B590-C54CCC060C7B}.Release|Any CPU.ActiveCfg = Release|Any CPU
		{EFFAC5D4-CE05-4E18-B590-C54CCC060C7B}.Release|Any CPU.Build.0 = Release|Any CPU
		{18C932C7-40F1-4E95-BC5D-C662DE6EB454}.Debug|Any CPU.ActiveCfg = Debug|Any CPU
		{18C932C7-40F1-4E95-BC5D-C662DE6EB454}.Debug|Any CPU.Build.0 = Debug|Any CPU
		{18C932C7-40F1-4E95-BC5D-C662DE6EB454}.Release|Any CPU.ActiveCfg = Release|Any CPU
		{18C932C7-40F1-4E95-BC5D-C662DE6EB454}.Release|Any CPU.Build.0 = Release|Any CPU
		{F95351DC-39E2-452A-917C-A8320EDFD611}.Debug|Any CPU.ActiveCfg = Debug|Any CPU
		{F95351DC-39E2-452A-917C-A8320EDFD611}.Debug|Any CPU.Build.0 = Debug|Any CPU
		{F95351DC-39E2-452A-917C-A8320EDFD611}.Release|Any CPU.ActiveCfg = Release|Any CPU
		{F95351DC-39E2-452A-917C-A8320EDFD611}.Release|Any CPU.Build.0 = Release|Any CPU
	EndGlobalSection
	GlobalSection(SolutionProperties) = preSolution
		HideSolutionNode = FALSE
	EndGlobalSection
	GlobalSection(ExtensibilityGlobals) = postSolution
		SolutionGuid = {35272558-EEF8-485A-AF48-5EFAB086EE60}
	EndGlobalSection
EndGlobal
