
Microsoft Visual Studio Solution File, Format Version 12.00
# Visual Studio Version 17
VisualStudioVersion = 17.0.32126.317
MinimumVisualStudioVersion = 10.0.40219.1
Project("{FAE04EC0-301F-11D3-BF4B-00C04F79EFBC}") = "Prototype", "Prototype.csproj", "{534732AC-E7E8-42AC-AF92-4F0AAA034DC9}"
EndProject
Global
	GlobalSection(SolutionConfigurationPlatforms) = preSolution
		Debug|Any CPU = Debug|Any CPU
		Release|Any CPU = Release|Any CPU
	EndGlobalSection
	GlobalSection(ProjectConfigurationPlatforms) = postSolution
		{534732AC-E7E8-42AC-AF92-4F0AAA034DC9}.Debug|Any CPU.ActiveCfg = Debug|Any CPU
		{534732AC-E7E8-42AC-AF92-4F0AAA034DC9}.Debug|Any CPU.Build.0 = Debug|Any CPU
		{534732AC-E7E8-42AC-AF92-4F0AAA034DC9}.Release|Any CPU.ActiveCfg = Release|Any CPU
		{534732AC-E7E8-42AC-AF92-4F0AAA034DC9}.Release|Any CPU.Build.0 = Release|Any CPU
	EndGlobalSection
	GlobalSection(SolutionProperties) = preSolution
		HideSolutionNode = FALSE
	EndGlobalSection
	GlobalSection(ExtensibilityGlobals) = postSolution
		SolutionGuid = {7CA43BB2-A417-4935-B488-9F3C541C5BE6}
	EndGlobalSection
EndGlobal
