
Microsoft Visual Studio Solution File, Format Version 12.00
# Visual Studio Version 17
VisualStudioVersion = 17.0.32126.317
MinimumVisualStudioVersion = 10.0.40219.1
Project("{FAE04EC0-301F-11D3-BF4B-00C04F79EFBC}") = "AbstractFactoryExample", "AbstractFactoryExample.csproj", "{D80E8FCC-CC69-4690-B391-571214CC7FED}"
EndProject
Global
	GlobalSection(SolutionConfigurationPlatforms) = preSolution
		Debug|Any CPU = Debug|Any CPU
		Release|Any CPU = Release|Any CPU
	EndGlobalSection
	GlobalSection(ProjectConfigurationPlatforms) = postSolution
		{D80E8FCC-CC69-4690-B391-571214CC7FED}.Debug|Any CPU.ActiveCfg = Debug|Any CPU
		{D80E8FCC-CC69-4690-B391-571214CC7FED}.Debug|Any CPU.Build.0 = Debug|Any CPU
		{D80E8FCC-CC69-4690-B391-571214CC7FED}.Release|Any CPU.ActiveCfg = Release|Any CPU
		{D80E8FCC-CC69-4690-B391-571214CC7FED}.Release|Any CPU.Build.0 = Release|Any CPU
	EndGlobalSection
	GlobalSection(SolutionProperties) = preSolution
		HideSolutionNode = FALSE
	EndGlobalSection
	GlobalSection(ExtensibilityGlobals) = postSolution
		SolutionGuid = {D5342FC5-743B-493C-912F-C1E04EE39472}
	EndGlobalSection
EndGlobal
