
Microsoft Visual Studio Solution File, Format Version 12.00
# Visual Studio Version 17
VisualStudioVersion = 17.0.32126.317
MinimumVisualStudioVersion = 10.0.40219.1
Project("{FAE04EC0-301F-11D3-BF4B-00C04F79EFBC}") = "Factory", "Factory.csproj", "{FF9E9FFE-7F91-40B8-8AB5-6CE0A2A22944}"
EndProject
Global
	GlobalSection(SolutionConfigurationPlatforms) = preSolution
		Debug|Any CPU = Debug|Any CPU
		Release|Any CPU = Release|Any CPU
	EndGlobalSection
	GlobalSection(ProjectConfigurationPlatforms) = postSolution
		{FF9E9FFE-7F91-40B8-8AB5-6CE0A2A22944}.Debug|Any CPU.ActiveCfg = Debug|Any CPU
		{FF9E9FFE-7F91-40B8-8AB5-6CE0A2A22944}.Debug|Any CPU.Build.0 = Debug|Any CPU
		{FF9E9FFE-7F91-40B8-8AB5-6CE0A2A22944}.Release|Any CPU.ActiveCfg = Release|Any CPU
		{FF9E9FFE-7F91-40B8-8AB5-6CE0A2A22944}.Release|Any CPU.Build.0 = Release|Any CPU
	EndGlobalSection
	GlobalSection(SolutionProperties) = preSolution
		HideSolutionNode = FALSE
	EndGlobalSection
	GlobalSection(ExtensibilityGlobals) = postSolution
		SolutionGuid = {9B9F186D-61A9-4546-AE50-283D7EAC9590}
	EndGlobalSection
EndGlobal
